github.com/KrobL2/restdb v0.0.0-20240722212357-63a8e72085eb h1:mGOSG4uWRtOY3Nu2EKrVXg5pwrVwnUu4CCjiUD+AQlo=
github.com/KrobL2/restdb v0.0.0-20240722212357-63a8e72085eb/go.mod h1:9rJCl7IgP3CY5J59B2Nf0dXa45sgrX7UMc6Eho5TcgQ=
github.com/gorilla/mux v1.8.1 h1:TuBL49tXwgrFYWhqrNgrUNEY92u81SPhu7sTdzQEiWY=
github.com/gorilla/mux v1.8.1/go.mod h1:AKf9I4AEqPTmMytcMc0KkNouC66V3BtZ4qD5fmWSiMQ=
github.com/joho/godotenv v1.5.1 h1:7eLL/+HRGLY0ldzfGMeQkb7vMd0as4CfYvUVzLqw0N0=
github.com/joho/godotenv v1.5.1/go.mod h1:f4LDr5Voq0i2e/R5DDNOoa2zzDfwtkZa6DnEwAbqwq4=
github.com/lib/pq v1.10.1 h1:6VXZrLU0jHBYyAqrSPa+MgPfnSvTPuMgK+k0o5kVFWo=
github.com/lib/pq v1.10.1/go.mod h1:AlVN5x4E4T544tWzH6hKfbfQvm3HdbOxrmggDNAPY9o=
github.com/mactsouk/restdb v0.0.0-20210517153601-8b18a7b76669 h1:y321TWrOECAclL+yrq4azirOITD6PJD4nnmEA6hEfYA=
github.com/mactsouk/restdb v0.0.0-20210517153601-8b18a7b76669/go.mod h1:ijfADIlzIh5sqbZhlyD+K6ms8y2wdKtNtt7au20xkIM=
gopkg.in/check.v1 v0.0.0-20161208181325-20d25e280405 h1:yhCVgyC4o1eVCa2tZl7eS0r+SDo693bJlVdllGtEeKM=
gopkg.in/check.v1 v0.0.0-20161208181325-20d25e280405/go.mod h1:Co6ibVJAznAaIkqp8huTwlJQCZ016jof/cbN4VW5Yz0=
gopkg.in/yaml.v2 v2.4.0 h1:D8xgwECY7CYvx+Y2n4sBz93Jn9JRvxdiyyo8CTfuKaY=
gopkg.in/yaml.v2 v2.4.0/go.mod h1:RDklbk79AGWmwhnvt/jBztapEOGDOx6ZbXqjP6csGnQ=
